
Microsoft Visual Studio Solution File, Format Version 12.00
# Visual Studio Version 17
VisualStudioVersion = 17.0.32112.339
MinimumVisualStudioVersion = 10.0.40219.1
Project("{FAE04EC0-301F-11D3-BF4B-00C04F79EFBC}") = "ECookie", "ECookie.csproj", "{7DDF2DB6-63E8-4905-BD29-7ED9001E4A02}"
EndProject
Global
	GlobalSection(SolutionConfigurationPlatforms) = preSolution
		Debug|Any CPU = Debug|Any CPU
		Release|Any CPU = Release|Any CPU
	EndGlobalSection
	GlobalSection(ProjectConfigurationPlatforms) = postSolution
		{7DDF2DB6-63E8-4905-BD29-7ED9001E4A02}.Debug|Any CPU.ActiveCfg = Debug|Any CPU
		{7DDF2DB6-63E8-4905-BD29-7ED9001E4A02}.Debug|Any CPU.Build.0 = Debug|Any CPU
		{7DDF2DB6-63E8-4905-BD29-7ED9001E4A02}.Release|Any CPU.ActiveCfg = Release|Any CPU
		{7DDF2DB6-63E8-4905-BD29-7ED9001E4A02}.Release|Any CPU.Build.0 = Release|Any CPU
	EndGlobalSection
	GlobalSection(SolutionProperties) = preSolution
		HideSolutionNode = FALSE
	EndGlobalSection
	GlobalSection(ExtensibilityGlobals) = postSolution
		SolutionGuid = {E3B7868F-4529-4FD4-BC25-1271FAB4BFD8}
	EndGlobalSection
EndGlobal
